
Microsoft Visual Studio Solution File, Format Version 12.00
# Visual Studio Version 17
VisualStudioVersion = 17.9.34723.18
MinimumVisualStudioVersion = 10.0.40219.1
Project("{FAE04EC0-301F-11D3-BF4B-00C04F79EFBC}") = "FAPM server", "FAPM server\FAPM server.csproj", "{365C6600-A909-4598-993E-12B11CEAD337}"
EndProject
Global
	GlobalSection(SolutionConfigurationPlatforms) = preSolution
		Debug|Any CPU = Debug|Any CPU
		Release|Any CPU = Release|Any CPU
		Setup|Any CPU = Setup|Any CPU
	EndGlobalSection
	GlobalSection(ProjectConfigurationPlatforms) = postSolution
		{365C6600-A909-4598-993E-12B11CEAD337}.Debug|Any CPU.ActiveCfg = Debug|Any CPU
		{365C6600-A909-4598-993E-12B11CEAD337}.Debug|Any CPU.Build.0 = Debug|Any CPU
		{365C6600-A909-4598-993E-12B11CEAD337}.Release|Any CPU.ActiveCfg = Release|Any CPU
		{365C6600-A909-4598-993E-12B11CEAD337}.Release|Any CPU.Build.0 = Release|Any CPU
		{365C6600-A909-4598-993E-12B11CEAD337}.Setup|Any CPU.ActiveCfg = Setup|Any CPU
		{365C6600-A909-4598-993E-12B11CEAD337}.Setup|Any CPU.Build.0 = Setup|Any CPU
	EndGlobalSection
	GlobalSection(SolutionProperties) = preSolution
		HideSolutionNode = FALSE
	EndGlobalSection
	GlobalSection(ExtensibilityGlobals) = postSolution
		SolutionGuid = {FD7F87D2-4EC3-49DA-BFFB-51F9071DE65A}
	EndGlobalSection
EndGlobal
